{
  "version": 4,
  "terraform_version": "1.1.9",
  "serial": 4,
  "lineage": "635738be-8173-647c-364f-d8dbc9bd2fc3",
  "outputs": {
    "external_ip_address_test_vm": {
      "value": "51.250.87.200",
      "type": "string"
    },
    "internal_ip_address_test_vm": {
      "value": "192.168.10.25",
      "type": "string"
    }
  },
  "resources": [
    {
      "mode": "managed",
      "type": "yandex_compute_instance",
      "name": "test",
      "provider": "provider[\"registry.terraform.io/yandex-cloud/yandex\"]",
      "instances": [
        {
          "schema_version": 1,
          "attributes": {
            "allow_recreate": null,
            "allow_stopping_for_update": null,
            "boot_disk": [
              {
                "auto_delete": true,
                "device_name": "fhmfa1qcbde0or234ebj",
                "disk_id": "fhmfa1qcbde0or234ebj",
                "initialize_params": [
                  {
                    "block_size": 4096,
                    "description": "",
                    "image_id": "fd80d7fnvf399b1c207j",
                    "name": "",
                    "size": 30,
                    "snapshot_id": "",
                    "type": "network-hdd"
                  }
                ],
                "mode": "READ_WRITE"
              }
            ],
            "created_at": "2022-07-10T18:17:14Z",
            "description": "",
            "folder_id": "b1g2np7f861hs7r12rdr",
            "fqdn": "fhm26kpqeop940eag4il.auto.internal",
            "hostname": "fhm26kpqeop940eag4il",
            "id": "fhm26kpqeop940eag4il",
            "labels": null,
            "local_disk": [],
            "metadata": {
              "ssh-keys": "ubuntu:ssh-rsa AAAAB3NzaC1yc2EAAAADAQABAAABgQCtIFlxBmdD0b70oBterIUqZnmLPuYOJ/lijNvRPH/QgZHL92CkD+bL8E1ra+pQNa3I+9hFDtqPv1eSY/L5OOYyUemyApwsqsDpsWq1nQ2Qvaeick/WUuahR214/w9qNJ3+GoXfP5JqS+UioR5m4IXhhi8WK125HuqDy4vCeFoFECLFZ73pr6cooO/1otlN1ZfrY5WLI5Ty3i2ZnGflJcBgpRu4uINvVMblYONGsKEe+yjK/25MLvTxUVWK0mPZQU4dyzXDWfJIEalXmxH3w6qT3ZZQu0sxxSlqlYCHSDdq8i95SxhP1aXxkZPm9b40GuzhC6os+6uSghcFJneTy7h/by2HTlM3fFK4W5E6Hped2uW/B/zMtoQPiBOG7GdQTdn32ptzqWyjZe8ZJWWyNVCIoHfpWRxh055GGCnn+ugM0CBCxLagOpZ7bEsCqHqtuSUzLaJPGQ6LdiQt8hAVWFXECA/gR0PXEb8A94chfpDGRSCn9izK3nE0gUEan2o/pl0= root@test\n"
            },
            "name": "test",
            "network_acceleration_type": "standard",
            "network_interface": [
              {
                "dns_record": [],
                "index": 0,
                "ip_address": "192.168.10.25",
                "ipv4": true,
                "ipv6": false,
                "ipv6_address": "",
                "ipv6_dns_record": [],
                "mac_address": "d0:0d:23:53:3a:76",
                "nat": true,
                "nat_dns_record": [],
                "nat_ip_address": "51.250.87.200",
                "nat_ip_version": "IPV4",
                "security_group_ids": [],
                "subnet_id": "e9bbgrpdm4fmo0bflliq"
              }
            ],
            "placement_policy": [
              {
                "host_affinity_rules": [],
                "placement_group_id": ""
              }
            ],
            "platform_id": "standard-v1",
            "resources": [
              {
                "core_fraction": 100,
                "cores": 2,
                "gpus": 0,
                "memory": 2
              }
            ],
            "scheduling_policy": [
              {
                "preemptible": false
              }
            ],
            "secondary_disk": [],
            "service_account_id": "",
            "status": "running",
            "timeouts": null,
            "zone": "ru-central1-a"
          },
          "sensitive_attributes": [],
          "private": "eyJlMmJmYjczMC1lY2FhLTExZTYtOGY4OC0zNDM2M2JjN2M0YzAiOnsiY3JlYXRlIjozMDAwMDAwMDAwMDAsImRlbGV0ZSI6MzAwMDAwMDAwMDAwLCJ1cGRhdGUiOjMwMDAwMDAwMDAwMH0sInNjaGVtYV92ZXJzaW9uIjoiMSJ9",
          "dependencies": [
            "yandex_vpc_network.my-network",
            "yandex_vpc_subnet.my-subnet"
          ]
        }
      ]
    },
    {
      "mode": "managed",
      "type": "yandex_vpc_network",
      "name": "my-network",
      "provider": "provider[\"registry.terraform.io/yandex-cloud/yandex\"]",
      "instances": [
        {
          "schema_version": 0,
          "attributes": {
            "created_at": "2022-07-10T18:17:11Z",
            "default_security_group_id": "",
            "description": "",
            "folder_id": "b1g2np7f861hs7r12rdr",
            "id": "enpomvcq0le2lapl4056",
            "labels": {},
            "name": "my-network",
            "subnet_ids": [],
            "timeouts": null
          },
          "sensitive_attributes": [],
          "private": "eyJlMmJmYjczMC1lY2FhLTExZTYtOGY4OC0zNDM2M2JjN2M0YzAiOnsiY3JlYXRlIjo2MDAwMDAwMDAwMCwiZGVsZXRlIjo2MDAwMDAwMDAwMCwidXBkYXRlIjo2MDAwMDAwMDAwMH19"
        }
      ]
    },
    {
      "mode": "managed",
      "type": "yandex_vpc_subnet",
      "name": "my-subnet",
      "provider": "provider[\"registry.terraform.io/yandex-cloud/yandex\"]",
      "instances": [
        {
          "schema_version": 0,
          "attributes": {
            "created_at": "2022-07-10T18:17:13Z",
            "description": "",
            "dhcp_options": [],
            "folder_id": "b1g2np7f861hs7r12rdr",
            "id": "e9bbgrpdm4fmo0bflliq",
            "labels": {},
            "name": "my-subnet",
            "network_id": "enpomvcq0le2lapl4056",
            "route_table_id": "",
            "timeouts": null,
            "v4_cidr_blocks": [
              "192.168.10.0/24"
            ],
            "v6_cidr_blocks": [],
            "zone": "ru-central1-a"
          },
          "sensitive_attributes": [],
          "private": "eyJlMmJmYjczMC1lY2FhLTExZTYtOGY4OC0zNDM2M2JjN2M0YzAiOnsiY3JlYXRlIjoxODAwMDAwMDAwMDAsImRlbGV0ZSI6MTgwMDAwMDAwMDAwLCJ1cGRhdGUiOjE4MDAwMDAwMDAwMH19",
          "dependencies": [
            "yandex_vpc_network.my-network"
          ]
        }
      ]
    }
  ]
}
